
Microsoft Visual Studio Solution File, Format Version 12.00
# Visual Studio Version 16
VisualStudioVersion = 16.0.30204.135
MinimumVisualStudioVersion = 10.0.40219.1
Project("{FAE04EC0-301F-11D3-BF4B-00C04F79EFBC}") = "C Sharp 8.5", "C Sharp 8.5\C Sharp 8.5.csproj", "{1B2301C8-93EE-4610-AFBF-1E2741C81473}"
EndProject
Global
	GlobalSection(SolutionConfigurationPlatforms) = preSolution
		Debug|Any CPU = Debug|Any CPU
		Release|Any CPU = Release|Any CPU
	EndGlobalSection
	GlobalSection(ProjectConfigurationPlatforms) = postSolution
		{1B2301C8-93EE-4610-AFBF-1E2741C81473}.Debug|Any CPU.ActiveCfg = Debug|Any CPU
		{1B2301C8-93EE-4610-AFBF-1E2741C81473}.Debug|Any CPU.Build.0 = Debug|Any CPU
		{1B2301C8-93EE-4610-AFBF-1E2741C81473}.Release|Any CPU.ActiveCfg = Release|Any CPU
		{1B2301C8-93EE-4610-AFBF-1E2741C81473}.Release|Any CPU.Build.0 = Release|Any CPU
	EndGlobalSection
	GlobalSection(SolutionProperties) = preSolution
		HideSolutionNode = FALSE
	EndGlobalSection
	GlobalSection(ExtensibilityGlobals) = postSolution
		SolutionGuid = {2421BB1E-7616-4236-9C85-E2A2A44FE118}
	EndGlobalSection
EndGlobal
